PODS:
  - IronSourceSDK (7.3.0.0)
  - tempo-ios-ironsource-mediation (1.0.3):
    - IronSourceSDK (= 7.3.0.0)
    - TempoSDK (= 1.0.6)
  - TempoSDK (1.0.6)

DEPENDENCIES:
  - tempo-ios-ironsource-mediation (from `../`)

SPEC REPOS:
  trunk:
    - IronSourceSDK
    - TempoSDK

EXTERNAL SOURCES:
  tempo-ios-ironsource-mediation:
    :path: "../"

SPEC CHECKSUMS:
  IronSourceSDK: 70d098472ea63fa8d58e47ad79ad761ad256ce15
  tempo-ios-ironsource-mediation: 2a3e3779c8c9bbdc221e174a94e10d32e810026b
  TempoSDK: 99ff734888fa1cdc7aeee98de813fe05c88470fa

PODFILE CHECKSUM: 7f897dbf185737f47032fd5a1b20421f702cd5ad

COCOAPODS: 1.11.3
