PODS:
  - IronSourceSDK (8.0.0.0)
  - tempo-ios-ironsource-mediation (1.9.0-rc.0):
    - IronSourceSDK (~> 8)
    - TempoSDK (= 1.8.0)
  - TempoSDK (1.8.0)

DEPENDENCIES:
  - tempo-ios-ironsource-mediation (from `../`)

SPEC REPOS:
  trunk:
    - IronSourceSDK
    - TempoSDK

EXTERNAL SOURCES:
  tempo-ios-ironsource-mediation:
    :path: "../"

SPEC CHECKSUMS:
  IronSourceSDK: ab8b67818aab07d1eca58f5b949459b939c4c589
  tempo-ios-ironsource-mediation: 63cecab8c2d63c312a2ee720c9c3239c3b243f73
  TempoSDK: 06c9cb5a37ad4a503fc23005c46725fa44abb5fb

PODFILE CHECKSUM: 5fcef063653f1bfd65617275e54d605bffc60e8e

COCOAPODS: 1.13.0
