PODS:
  - IronSourceSDK (8.0.0.0)
  - tempo-ios-ironsource-mediation (1.7.2-rc.4):
    - IronSourceSDK (~> 8)
    - TempoSDK (= 1.7.0)
  - TempoSDK (1.7.0)

DEPENDENCIES:
  - tempo-ios-ironsource-mediation (from `../`)

SPEC REPOS:
  trunk:
    - IronSourceSDK
    - TempoSDK

EXTERNAL SOURCES:
  tempo-ios-ironsource-mediation:
    :path: "../"

SPEC CHECKSUMS:
  IronSourceSDK: ab8b67818aab07d1eca58f5b949459b939c4c589
  tempo-ios-ironsource-mediation: 3d606e4f1affdc9a8b9f7247049b145131614bd2
  TempoSDK: c905e05e1416086b9762546caa5a34ba660cf99c

PODFILE CHECKSUM: 5fcef063653f1bfd65617275e54d605bffc60e8e

COCOAPODS: 1.13.0
